
Microsoft Visual Studio Solution File, Format Version 12.00
# Visual Studio Version 17
VisualStudioVersion = 17.5.33502.453
MinimumVisualStudioVersion = 10.0.40219.1
Project("{FAE04EC0-301F-11D3-BF4B-00C04F79EFBC}") = "WpfCalculator", "WpfCalculator\WpfCalculator.csproj", "{EB3DC1D2-0C97-4929-9302-E4D0EED14A41}"
EndProject
Global
	GlobalSection(SolutionConfigurationPlatforms) = preSolution
		Debug|Any CPU = Debug|Any CPU
		Release|Any CPU = Release|Any CPU
	EndGlobalSection
	GlobalSection(ProjectConfigurationPlatforms) = postSolution
		{EB3DC1D2-0C97-4929-9302-E4D0EED14A41}.Debug|Any CPU.ActiveCfg = Debug|Any CPU
		{EB3DC1D2-0C97-4929-9302-E4D0EED14A41}.Debug|Any CPU.Build.0 = Debug|Any CPU
		{EB3DC1D2-0C97-4929-9302-E4D0EED14A41}.Release|Any CPU.ActiveCfg = Release|Any CPU
		{EB3DC1D2-0C97-4929-9302-E4D0EED14A41}.Release|Any CPU.Build.0 = Release|Any CPU
	EndGlobalSection
	GlobalSection(SolutionProperties) = preSolution
		HideSolutionNode = FALSE
	EndGlobalSection
	GlobalSection(ExtensibilityGlobals) = postSolution
		SolutionGuid = {72B4DA35-8592-40F5-86C5-07923468A191}
	EndGlobalSection
EndGlobal
